# THIS IS AN AUTOGENERATED FILE. DO NOT EDIT THIS FILE DIRECTLY.
# yarn lockfile v1


"@types/chrome@^0.0.88":
  version "0.0.88"
  resolved "https://registry.npmjs.org/@types/chrome/-/chrome-0.0.88.tgz#0041a101d69f78008910927c5b3299a00d8660db"
  integrity sha512-JBsIrBZ2adJhlXvJ+1j0xLbcfOfwee/WAg7Lp2NE+Wf3m0vXMJFWv/PPjqNk5ZUXDeY/qDxPHe+PUjxnl8HWFg==
  dependencies:
    "@types/filesystem" "*"

"@types/filesystem@*":
  version "0.0.29"
  resolved "https://registry.npmjs.org/@types/filesystem/-/filesystem-0.0.29.tgz#ee3748eb5be140dcf980c3bd35f11aec5f7a3748"
  integrity sha512-85/1KfRedmfPGsbK8YzeaQUyV1FQAvMPMTuWFQ5EkLd2w7szhNO96bk3Rh/SKmOfd9co2rCLf0Voy4o7ECBOvw==
  dependencies:
    "@types/filewriter" "*"

"@types/filewriter@*":
  version "0.0.28"
  resolved "https://registry.npmjs.org/@types/filewriter/-/filewriter-0.0.28.tgz#c054e8af4d9dd75db4e63abc76f885168714d4b3"
  integrity sha1-wFTor02d11205jq8dviFFocU1LM=
